
Microsoft Visual Studio Solution File, Format Version 12.00
# Visual Studio 15
Project("{FAE04EC0-301F-11D3-BF4B-00C04F79EFBC}") = "Empowered.Reflection", "Empowered.Reflection\Empowered.Reflection.csproj", "{4F72B662-5A09-4455-815A-3551884D4E7C}"
EndProject
Project("{FAE04EC0-301F-11D3-BF4B-00C04F79EFBC}") = "Empowered.Reflection.Tests", "Empowered.Reflection.Tests\Empowered.Reflection.Tests.csproj", "{CFEA43E8-3A15-481C-B73F-2BDDB7600562}"
EndProject
Global
	GlobalSection(SolutionConfigurationPlatforms) = preSolution
		Debug|Any CPU = Debug|Any CPU
		Release|Any CPU = Release|Any CPU
	EndGlobalSection
	GlobalSection(ProjectConfigurationPlatforms) = postSolution
		{4F72B662-5A09-4455-815A-3551884D4E7C}.Debug|Any CPU.ActiveCfg = Debug|Any CPU
		{4F72B662-5A09-4455-815A-3551884D4E7C}.Debug|Any CPU.Build.0 = Debug|Any CPU
		{4F72B662-5A09-4455-815A-3551884D4E7C}.Release|Any CPU.ActiveCfg = Release|Any CPU
		{4F72B662-5A09-4455-815A-3551884D4E7C}.Release|Any CPU.Build.0 = Release|Any CPU
		{CFEA43E8-3A15-481C-B73F-2BDDB7600562}.Debug|Any CPU.ActiveCfg = Debug|Any CPU
		{CFEA43E8-3A15-481C-B73F-2BDDB7600562}.Debug|Any CPU.Build.0 = Debug|Any CPU
		{CFEA43E8-3A15-481C-B73F-2BDDB7600562}.Release|Any CPU.ActiveCfg = Release|Any CPU
		{CFEA43E8-3A15-481C-B73F-2BDDB7600562}.Release|Any CPU.Build.0 = Release|Any CPU
	EndGlobalSection
EndGlobal
